
Microsoft Visual Studio Solution File, Format Version 12.00
# Visual Studio 15
VisualStudioVersion = 15.0.26730.16
MinimumVisualStudioVersion = 10.0.40219.1
Project("{FAE04EC0-301F-11D3-BF4B-00C04F79EFBC}") = "RedisSubscriber", "RedisSubscriber\RedisSubscriber.csproj", "{CFEA7E5E-1726-4507-8C28-20892F32B481}"
EndProject
Global
	GlobalSection(SolutionConfigurationPlatforms) = preSolution
		Debug|Any CPU = Debug|Any CPU
		Release|Any CPU = Release|Any CPU
	EndGlobalSection
	GlobalSection(ProjectConfigurationPlatforms) = postSolution
		{CFEA7E5E-1726-4507-8C28-20892F32B481}.Debug|Any CPU.ActiveCfg = Debug|Any CPU
		{CFEA7E5E-1726-4507-8C28-20892F32B481}.Debug|Any CPU.Build.0 = Debug|Any CPU
		{CFEA7E5E-1726-4507-8C28-20892F32B481}.Release|Any CPU.ActiveCfg = Release|Any CPU
		{CFEA7E5E-1726-4507-8C28-20892F32B481}.Release|Any CPU.Build.0 = Release|Any CPU
	EndGlobalSection
	GlobalSection(SolutionProperties) = preSolution
		HideSolutionNode = FALSE
	EndGlobalSection
	GlobalSection(ExtensibilityGlobals) = postSolution
		SolutionGuid = {7C89A28C-8CBB-40F9-BF9D-A95D4E5BA15D}
	EndGlobalSection
EndGlobal
